
Microsoft Visual Studio Solution File, Format Version 12.00
# Visual Studio 15
VisualStudioVersion = 15.0.27130.2024
MinimumVisualStudioVersion = 10.0.40219.1
Project("{FAE04EC0-301F-11D3-BF4B-00C04F79EFBC}") = "08", "08\08.csproj", "{F6452D91-2713-4F5C-A98E-F1F857FF4F83}"
EndProject
Project("{FAE04EC0-301F-11D3-BF4B-00C04F79EFBC}") = "10", "09\10.csproj", "{7F53FB5A-4C12-49AA-B314-9755C7161BE8}"
EndProject
Project("{FAE04EC0-301F-11D3-BF4B-00C04F79EFBC}") = "09", "10\09.csproj", "{7BCBA6A5-B54C-4FD8-BF49-DEEFBC6FE86C}"
EndProject
Project("{FAE04EC0-301F-11D3-BF4B-00C04F79EFBC}") = "11", "11\11.csproj", "{FBE6379C-08D1-407A-9E29-476C29A6CEB5}"
EndProject
Project("{FAE04EC0-301F-11D3-BF4B-00C04F79EFBC}") = "12", "12\12.csproj", "{8F0F7527-1CD2-4C9E-BAF5-B19D6D9BF759}"
EndProject
Project("{FAE04EC0-301F-11D3-BF4B-00C04F79EFBC}") = "13", "13\13.csproj", "{9E7360E9-AF0B-4AC9-A077-256A55A7A879}"
EndProject
Project("{FAE04EC0-301F-11D3-BF4B-00C04F79EFBC}") = "14", "14\14.csproj", "{EB4C77B0-C298-41EB-8050-F7369F330723}"
EndProject
Project("{FAE04EC0-301F-11D3-BF4B-00C04F79EFBC}") = "15", "15\15.csproj", "{649F27D8-52D2-4448-86DB-710BC1085FB2}"
EndProject
Project("{FAE04EC0-301F-11D3-BF4B-00C04F79EFBC}") = "16", "16\16.csproj", "{0F7277E1-DC42-48A8-A188-4FD509EAA786}"
EndProject
Project("{FAE04EC0-301F-11D3-BF4B-00C04F79EFBC}") = "17", "17\17.csproj", "{1393C263-33E3-4662-87D7-B690EC3CB8D7}"
EndProject
Project("{FAE04EC0-301F-11D3-BF4B-00C04F79EFBC}") = "18", "18\18.csproj", "{93468500-4B70-4054-A1FC-FB9C0DF05E10}"
EndProject
Project("{FAE04EC0-301F-11D3-BF4B-00C04F79EFBC}") = "19", "19\19.csproj", "{0C851332-3313-45C8-BB61-79724A1CD906}"
EndProject
Project("{FAE04EC0-301F-11D3-BF4B-00C04F79EFBC}") = "20", "20\20.csproj", "{5F308753-1872-4C16-83A7-0A2E21B43E67}"
EndProject
Project("{FAE04EC0-301F-11D3-BF4B-00C04F79EFBC}") = "21", "21\21.csproj", "{83C4ED26-4877-42D1-AF6F-055EC142F43B}"
EndProject
Project("{FAE04EC0-301F-11D3-BF4B-00C04F79EFBC}") = "22", "22\22.csproj", "{2C296EEE-1E5C-4816-AF6C-169B850831D8}"
EndProject
Global
	GlobalSection(SolutionConfigurationPlatforms) = preSolution
		Debug|Any CPU = Debug|Any CPU
		Release|Any CPU = Release|Any CPU
	EndGlobalSection
	GlobalSection(ProjectConfigurationPlatforms) = postSolution
		{F6452D91-2713-4F5C-A98E-F1F857FF4F83}.Debug|Any CPU.ActiveCfg = Debug|Any CPU
		{F6452D91-2713-4F5C-A98E-F1F857FF4F83}.Debug|Any CPU.Build.0 = Debug|Any CPU
		{F6452D91-2713-4F5C-A98E-F1F857FF4F83}.Release|Any CPU.ActiveCfg = Release|Any CPU
		{F6452D91-2713-4F5C-A98E-F1F857FF4F83}.Release|Any CPU.Build.0 = Release|Any CPU
		{7F53FB5A-4C12-49AA-B314-9755C7161BE8}.Debug|Any CPU.ActiveCfg = Debug|Any CPU
		{7F53FB5A-4C12-49AA-B314-9755C7161BE8}.Debug|Any CPU.Build.0 = Debug|Any CPU
		{7F53FB5A-4C12-49AA-B314-9755C7161BE8}.Release|Any CPU.ActiveCfg = Release|Any CPU
		{7F53FB5A-4C12-49AA-B314-9755C7161BE8}.Release|Any CPU.Build.0 = Release|Any CPU
		{7BCBA6A5-B54C-4FD8-BF49-DEEFBC6FE86C}.Debug|Any CPU.ActiveCfg = Debug|Any CPU
		{7BCBA6A5-B54C-4FD8-BF49-DEEFBC6FE86C}.Debug|Any CPU.Build.0 = Debug|Any CPU
		{7BCBA6A5-B54C-4FD8-BF49-DEEFBC6FE86C}.Release|Any CPU.ActiveCfg = Release|Any CPU
		{7BCBA6A5-B54C-4FD8-BF49-DEEFBC6FE86C}.Release|Any CPU.Build.0 = Release|Any CPU
		{FBE6379C-08D1-407A-9E29-476C29A6CEB5}.Debug|Any CPU.ActiveCfg = Debug|Any CPU
		{FBE6379C-08D1-407A-9E29-476C29A6CEB5}.Debug|Any CPU.Build.0 = Debug|Any CPU
		{FBE6379C-08D1-407A-9E29-476C29A6CEB5}.Release|Any CPU.ActiveCfg = Release|Any CPU
		{FBE6379C-08D1-407A-9E29-476C29A6CEB5}.Release|Any CPU.Build.0 = Release|Any CPU
		{8F0F7527-1CD2-4C9E-BAF5-B19D6D9BF759}.Debug|Any CPU.ActiveCfg = Debug|Any CPU
		{8F0F7527-1CD2-4C9E-BAF5-B19D6D9BF759}.Debug|Any CPU.Build.0 = Debug|Any CPU
		{8F0F7527-1CD2-4C9E-BAF5-B19D6D9BF759}.Release|Any CPU.ActiveCfg = Release|Any CPU
		{8F0F7527-1CD2-4C9E-BAF5-B19D6D9BF759}.Release|Any CPU.Build.0 = Release|Any CPU
		{9E7360E9-AF0B-4AC9-A077-256A55A7A879}.Debug|Any CPU.ActiveCfg = Debug|Any CPU
		{9E7360E9-AF0B-4AC9-A077-256A55A7A879}.Debug|Any CPU.Build.0 = Debug|Any CPU
		{9E7360E9-AF0B-4AC9-A077-256A55A7A879}.Release|Any CPU.ActiveCfg = Release|Any CPU
		{9E7360E9-AF0B-4AC9-A077-256A55A7A879}.Release|Any CPU.Build.0 = Release|Any CPU
		{EB4C77B0-C298-41EB-8050-F7369F330723}.Debug|Any CPU.ActiveCfg = Debug|Any CPU
		{EB4C77B0-C298-41EB-8050-F7369F330723}.Debug|Any CPU.Build.0 = Debug|Any CPU
		{EB4C77B0-C298-41EB-8050-F7369F330723}.Release|Any CPU.ActiveCfg = Release|Any CPU
		{EB4C77B0-C298-41EB-8050-F7369F330723}.Release|Any CPU.Build.0 = Release|Any CPU
		{649F27D8-52D2-4448-86DB-710BC1085FB2}.Debug|Any CPU.ActiveCfg = Debug|Any CPU
		{649F27D8-52D2-4448-86DB-710BC1085FB2}.Debug|Any CPU.Build.0 = Debug|Any CPU
		{649F27D8-52D2-4448-86DB-710BC1085FB2}.Release|Any CPU.ActiveCfg = Release|Any CPU
		{649F27D8-52D2-4448-86DB-710BC1085FB2}.Release|Any CPU.Build.0 = Release|Any CPU
		{0F7277E1-DC42-48A8-A188-4FD509EAA786}.Debug|Any CPU.ActiveCfg = Debug|Any CPU
		{0F7277E1-DC42-48A8-A188-4FD509EAA786}.Debug|Any CPU.Build.0 = Debug|Any CPU
		{0F7277E1-DC42-48A8-A188-4FD509EAA786}.Release|Any CPU.ActiveCfg = Release|Any CPU
		{0F7277E1-DC42-48A8-A188-4FD509EAA786}.Release|Any CPU.Build.0 = Release|Any CPU
		{1393C263-33E3-4662-87D7-B690EC3CB8D7}.Debug|Any CPU.ActiveCfg = Debug|Any CPU
		{1393C263-33E3-4662-87D7-B690EC3CB8D7}.Debug|Any CPU.Build.0 = Debug|Any CPU
		{1393C263-33E3-4662-87D7-B690EC3CB8D7}.Release|Any CPU.ActiveCfg = Release|Any CPU
		{1393C263-33E3-4662-87D7-B690EC3CB8D7}.Release|Any CPU.Build.0 = Release|Any CPU
		{93468500-4B70-4054-A1FC-FB9C0DF05E10}.Debug|Any CPU.ActiveCfg = Debug|Any CPU
		{93468500-4B70-4054-A1FC-FB9C0DF05E10}.Debug|Any CPU.Build.0 = Debug|Any CPU
		{93468500-4B70-4054-A1FC-FB9C0DF05E10}.Release|Any CPU.ActiveCfg = Release|Any CPU
		{93468500-4B70-4054-A1FC-FB9C0DF05E10}.Release|Any CPU.Build.0 = Release|Any CPU
		{0C851332-3313-45C8-BB61-79724A1CD906}.Debug|Any CPU.ActiveCfg = Debug|Any CPU
		{0C851332-3313-45C8-BB61-79724A1CD906}.Debug|Any CPU.Build.0 = Debug|Any CPU
		{0C851332-3313-45C8-BB61-79724A1CD906}.Release|Any CPU.ActiveCfg = Release|Any CPU
		{0C851332-3313-45C8-BB61-79724A1CD906}.Release|Any CPU.Build.0 = Release|Any CPU
		{5F308753-1872-4C16-83A7-0A2E21B43E67}.Debug|Any CPU.ActiveCfg = Debug|Any CPU
		{5F308753-1872-4C16-83A7-0A2E21B43E67}.Debug|Any CPU.Build.0 = Debug|Any CPU
		{5F308753-1872-4C16-83A7-0A2E21B43E67}.Release|Any CPU.ActiveCfg = Release|Any CPU
		{5F308753-1872-4C16-83A7-0A2E21B43E67}.Release|Any CPU.Build.0 = Release|Any CPU
		{83C4ED26-4877-42D1-AF6F-055EC142F43B}.Debug|Any CPU.ActiveCfg = Debug|Any CPU
		{83C4ED26-4877-42D1-AF6F-055EC142F43B}.Debug|Any CPU.Build.0 = Debug|Any CPU
		{83C4ED26-4877-42D1-AF6F-055EC142F43B}.Release|Any CPU.ActiveCfg = Release|Any CPU
		{83C4ED26-4877-42D1-AF6F-055EC142F43B}.Release|Any CPU.Build.0 = Release|Any CPU
		{2C296EEE-1E5C-4816-AF6C-169B850831D8}.Debug|Any CPU.ActiveCfg = Debug|Any CPU
		{2C296EEE-1E5C-4816-AF6C-169B850831D8}.Debug|Any CPU.Build.0 = Debug|Any CPU
		{2C296EEE-1E5C-4816-AF6C-169B850831D8}.Release|Any CPU.ActiveCfg = Release|Any CPU
		{2C296EEE-1E5C-4816-AF6C-169B850831D8}.Release|Any CPU.Build.0 = Release|Any CPU
	EndGlobalSection
	GlobalSection(SolutionProperties) = preSolution
		HideSolutionNode = FALSE
	EndGlobalSection
	GlobalSection(ExtensibilityGlobals) = postSolution
		SolutionGuid = {6E10251F-E2A8-4CA5-884D-7DDD22C4BD06}
	EndGlobalSection
EndGlobal
