
Microsoft Visual Studio Solution File, Format Version 12.00
# Visual Studio Version 16
VisualStudioVersion = 16.0.28803.352
MinimumVisualStudioVersion = 10.0.40219.1
Project("{FAE04EC0-301F-11D3-BF4B-00C04F79EFBC}") = "49", "49\49.csproj", "{C20FA776-085C-44AB-B1B6-CEFFE65F8F67}"
EndProject
Project("{FAE04EC0-301F-11D3-BF4B-00C04F79EFBC}") = "50", "50\50.csproj", "{84A9E0F1-297F-48A7-9C0A-3118DADD5A10}"
EndProject
Project("{FAE04EC0-301F-11D3-BF4B-00C04F79EFBC}") = "51", "51\51.csproj", "{EFC62663-85B3-447C-AEAD-592262192F70}"
EndProject
Project("{FAE04EC0-301F-11D3-BF4B-00C04F79EFBC}") = "52", "52\52.csproj", "{EC14E8B7-F0AF-4BAB-A350-E1D30ECEF05E}"
EndProject
Project("{FAE04EC0-301F-11D3-BF4B-00C04F79EFBC}") = "53", "53\53.csproj", "{3076548A-28D1-4444-8088-BDC99E582DC4}"
EndProject
Project("{FAE04EC0-301F-11D3-BF4B-00C04F79EFBC}") = "54", "54\54.csproj", "{F0895EDE-8C14-4734-A1B8-2AD1B89DD7C2}"
EndProject
Project("{FAE04EC0-301F-11D3-BF4B-00C04F79EFBC}") = "55", "55\55.csproj", "{51E42F63-88D2-4711-B9D1-A70D8180EF9B}"
EndProject
Project("{FAE04EC0-301F-11D3-BF4B-00C04F79EFBC}") = "56", "56\56.csproj", "{3FB8529B-B9DD-4A3C-8322-CFACAFC8DFAE}"
EndProject
Project("{FAE04EC0-301F-11D3-BF4B-00C04F79EFBC}") = "57", "57\57.csproj", "{4F3B458E-1DD1-4CF6-9596-8F7705BF0336}"
EndProject
Project("{FAE04EC0-301F-11D3-BF4B-00C04F79EFBC}") = "58", "58\58.csproj", "{C2436E00-E42A-43B8-9E65-03DAF00BA144}"
EndProject
Project("{FAE04EC0-301F-11D3-BF4B-00C04F79EFBC}") = "59", "59\59.csproj", "{7F80F7BC-18E3-4590-B451-0FB405DB80C2}"
EndProject
Project("{FAE04EC0-301F-11D3-BF4B-00C04F79EFBC}") = "60", "60\60.csproj", "{45DDCFCC-6A4D-4FF1-98AC-BD9774945ABE}"
EndProject
Project("{FAE04EC0-301F-11D3-BF4B-00C04F79EFBC}") = "61", "61\61.csproj", "{4F5159C1-7A6F-4105-9D3D-99866A8212C3}"
EndProject
Project("{FAE04EC0-301F-11D3-BF4B-00C04F79EFBC}") = "62", "62\62.csproj", "{411E7C3F-5FD9-4666-B1B8-4EBF4255D4F9}"
EndProject
Project("{FAE04EC0-301F-11D3-BF4B-00C04F79EFBC}") = "63", "63\63.csproj", "{EF55CDD8-0699-47D6-994D-41AA0AEE8643}"
EndProject
Project("{FAE04EC0-301F-11D3-BF4B-00C04F79EFBC}") = "42", "42\42.csproj", "{70A146AA-41E3-4FD3-BF42-52F8AA7B39CF}"
EndProject
Project("{FAE04EC0-301F-11D3-BF4B-00C04F79EFBC}") = "41", "41\41.csproj", "{A40E973E-AB33-4A99-9697-949AF1DB6B44}"
EndProject
Project("{FAE04EC0-301F-11D3-BF4B-00C04F79EFBC}") = "43", "43\43.csproj", "{00FB0A2B-A921-464B-8F70-C56DE310293A}"
EndProject
Project("{FAE04EC0-301F-11D3-BF4B-00C04F79EFBC}") = "44", "44\44.csproj", "{77B2CB2B-EFEF-4DC8-B0DA-9976CF95F7D8}"
EndProject
Project("{FAE04EC0-301F-11D3-BF4B-00C04F79EFBC}") = "45", "45\45.csproj", "{52DD680B-DC79-48A8-BFA2-C80D66DA297C}"
EndProject
Project("{FAE04EC0-301F-11D3-BF4B-00C04F79EFBC}") = "46", "46\46.csproj", "{85A74827-AF54-4864-9B71-17399F53D1B2}"
EndProject
Project("{FAE04EC0-301F-11D3-BF4B-00C04F79EFBC}") = "47", "47\47.csproj", "{15CE91AD-DBEF-48B2-9AAA-BFFE0FD4654D}"
EndProject
Project("{FAE04EC0-301F-11D3-BF4B-00C04F79EFBC}") = "48", "48\48.csproj", "{563978B0-5558-49E3-94D4-BE4490AFB64B}"
EndProject
Project("{FAE04EC0-301F-11D3-BF4B-00C04F79EFBC}") = "64", "64\64.csproj", "{C1C04E77-2321-4897-94ED-95EEF94A45CA}"
EndProject
Global
	GlobalSection(SolutionConfigurationPlatforms) = preSolution
		Debug|Any CPU = Debug|Any CPU
		Release|Any CPU = Release|Any CPU
	EndGlobalSection
	GlobalSection(ProjectConfigurationPlatforms) = postSolution
		{C20FA776-085C-44AB-B1B6-CEFFE65F8F67}.Debug|Any CPU.ActiveCfg = Debug|Any CPU
		{C20FA776-085C-44AB-B1B6-CEFFE65F8F67}.Debug|Any CPU.Build.0 = Debug|Any CPU
		{C20FA776-085C-44AB-B1B6-CEFFE65F8F67}.Release|Any CPU.ActiveCfg = Release|Any CPU
		{C20FA776-085C-44AB-B1B6-CEFFE65F8F67}.Release|Any CPU.Build.0 = Release|Any CPU
		{84A9E0F1-297F-48A7-9C0A-3118DADD5A10}.Debug|Any CPU.ActiveCfg = Debug|Any CPU
		{84A9E0F1-297F-48A7-9C0A-3118DADD5A10}.Debug|Any CPU.Build.0 = Debug|Any CPU
		{84A9E0F1-297F-48A7-9C0A-3118DADD5A10}.Release|Any CPU.ActiveCfg = Release|Any CPU
		{84A9E0F1-297F-48A7-9C0A-3118DADD5A10}.Release|Any CPU.Build.0 = Release|Any CPU
		{EFC62663-85B3-447C-AEAD-592262192F70}.Debug|Any CPU.ActiveCfg = Debug|Any CPU
		{EFC62663-85B3-447C-AEAD-592262192F70}.Debug|Any CPU.Build.0 = Debug|Any CPU
		{EFC62663-85B3-447C-AEAD-592262192F70}.Release|Any CPU.ActiveCfg = Release|Any CPU
		{EFC62663-85B3-447C-AEAD-592262192F70}.Release|Any CPU.Build.0 = Release|Any CPU
		{EC14E8B7-F0AF-4BAB-A350-E1D30ECEF05E}.Debug|Any CPU.ActiveCfg = Debug|Any CPU
		{EC14E8B7-F0AF-4BAB-A350-E1D30ECEF05E}.Debug|Any CPU.Build.0 = Debug|Any CPU
		{EC14E8B7-F0AF-4BAB-A350-E1D30ECEF05E}.Release|Any CPU.ActiveCfg = Release|Any CPU
		{EC14E8B7-F0AF-4BAB-A350-E1D30ECEF05E}.Release|Any CPU.Build.0 = Release|Any CPU
		{3076548A-28D1-4444-8088-BDC99E582DC4}.Debug|Any CPU.ActiveCfg = Debug|Any CPU
		{3076548A-28D1-4444-8088-BDC99E582DC4}.Debug|Any CPU.Build.0 = Debug|Any CPU
		{3076548A-28D1-4444-8088-BDC99E582DC4}.Release|Any CPU.ActiveCfg = Release|Any CPU
		{3076548A-28D1-4444-8088-BDC99E582DC4}.Release|Any CPU.Build.0 = Release|Any CPU
		{F0895EDE-8C14-4734-A1B8-2AD1B89DD7C2}.Debug|Any CPU.ActiveCfg = Debug|Any CPU
		{F0895EDE-8C14-4734-A1B8-2AD1B89DD7C2}.Debug|Any CPU.Build.0 = Debug|Any CPU
		{F0895EDE-8C14-4734-A1B8-2AD1B89DD7C2}.Release|Any CPU.ActiveCfg = Release|Any CPU
		{F0895EDE-8C14-4734-A1B8-2AD1B89DD7C2}.Release|Any CPU.Build.0 = Release|Any CPU
		{51E42F63-88D2-4711-B9D1-A70D8180EF9B}.Debug|Any CPU.ActiveCfg = Debug|Any CPU
		{51E42F63-88D2-4711-B9D1-A70D8180EF9B}.Debug|Any CPU.Build.0 = Debug|Any CPU
		{51E42F63-88D2-4711-B9D1-A70D8180EF9B}.Release|Any CPU.ActiveCfg = Release|Any CPU
		{51E42F63-88D2-4711-B9D1-A70D8180EF9B}.Release|Any CPU.Build.0 = Release|Any CPU
		{3FB8529B-B9DD-4A3C-8322-CFACAFC8DFAE}.Debug|Any CPU.ActiveCfg = Debug|Any CPU
		{3FB8529B-B9DD-4A3C-8322-CFACAFC8DFAE}.Debug|Any CPU.Build.0 = Debug|Any CPU
		{3FB8529B-B9DD-4A3C-8322-CFACAFC8DFAE}.Release|Any CPU.ActiveCfg = Release|Any CPU
		{3FB8529B-B9DD-4A3C-8322-CFACAFC8DFAE}.Release|Any CPU.Build.0 = Release|Any CPU
		{4F3B458E-1DD1-4CF6-9596-8F7705BF0336}.Debug|Any CPU.ActiveCfg = Debug|Any CPU
		{4F3B458E-1DD1-4CF6-9596-8F7705BF0336}.Debug|Any CPU.Build.0 = Debug|Any CPU
		{4F3B458E-1DD1-4CF6-9596-8F7705BF0336}.Release|Any CPU.ActiveCfg = Release|Any CPU
		{4F3B458E-1DD1-4CF6-9596-8F7705BF0336}.Release|Any CPU.Build.0 = Release|Any CPU
		{C2436E00-E42A-43B8-9E65-03DAF00BA144}.Debug|Any CPU.ActiveCfg = Debug|Any CPU
		{C2436E00-E42A-43B8-9E65-03DAF00BA144}.Debug|Any CPU.Build.0 = Debug|Any CPU
		{C2436E00-E42A-43B8-9E65-03DAF00BA144}.Release|Any CPU.ActiveCfg = Release|Any CPU
		{C2436E00-E42A-43B8-9E65-03DAF00BA144}.Release|Any CPU.Build.0 = Release|Any CPU
		{7F80F7BC-18E3-4590-B451-0FB405DB80C2}.Debug|Any CPU.ActiveCfg = Debug|Any CPU
		{7F80F7BC-18E3-4590-B451-0FB405DB80C2}.Debug|Any CPU.Build.0 = Debug|Any CPU
		{7F80F7BC-18E3-4590-B451-0FB405DB80C2}.Release|Any CPU.ActiveCfg = Release|Any CPU
		{7F80F7BC-18E3-4590-B451-0FB405DB80C2}.Release|Any CPU.Build.0 = Release|Any CPU
		{45DDCFCC-6A4D-4FF1-98AC-BD9774945ABE}.Debug|Any CPU.ActiveCfg = Debug|Any CPU
		{45DDCFCC-6A4D-4FF1-98AC-BD9774945ABE}.Debug|Any CPU.Build.0 = Debug|Any CPU
		{45DDCFCC-6A4D-4FF1-98AC-BD9774945ABE}.Release|Any CPU.ActiveCfg = Release|Any CPU
		{45DDCFCC-6A4D-4FF1-98AC-BD9774945ABE}.Release|Any CPU.Build.0 = Release|Any CPU
		{4F5159C1-7A6F-4105-9D3D-99866A8212C3}.Debug|Any CPU.ActiveCfg = Debug|Any CPU
		{4F5159C1-7A6F-4105-9D3D-99866A8212C3}.Debug|Any CPU.Build.0 = Debug|Any CPU
		{4F5159C1-7A6F-4105-9D3D-99866A8212C3}.Release|Any CPU.ActiveCfg = Release|Any CPU
		{4F5159C1-7A6F-4105-9D3D-99866A8212C3}.Release|Any CPU.Build.0 = Release|Any CPU
		{411E7C3F-5FD9-4666-B1B8-4EBF4255D4F9}.Debug|Any CPU.ActiveCfg = Debug|Any CPU
		{411E7C3F-5FD9-4666-B1B8-4EBF4255D4F9}.Debug|Any CPU.Build.0 = Debug|Any CPU
		{411E7C3F-5FD9-4666-B1B8-4EBF4255D4F9}.Release|Any CPU.ActiveCfg = Release|Any CPU
		{411E7C3F-5FD9-4666-B1B8-4EBF4255D4F9}.Release|Any CPU.Build.0 = Release|Any CPU
		{EF55CDD8-0699-47D6-994D-41AA0AEE8643}.Debug|Any CPU.ActiveCfg = Debug|Any CPU
		{EF55CDD8-0699-47D6-994D-41AA0AEE8643}.Debug|Any CPU.Build.0 = Debug|Any CPU
		{EF55CDD8-0699-47D6-994D-41AA0AEE8643}.Release|Any CPU.ActiveCfg = Release|Any CPU
		{EF55CDD8-0699-47D6-994D-41AA0AEE8643}.Release|Any CPU.Build.0 = Release|Any CPU
		{70A146AA-41E3-4FD3-BF42-52F8AA7B39CF}.Debug|Any CPU.ActiveCfg = Debug|Any CPU
		{70A146AA-41E3-4FD3-BF42-52F8AA7B39CF}.Debug|Any CPU.Build.0 = Debug|Any CPU
		{70A146AA-41E3-4FD3-BF42-52F8AA7B39CF}.Release|Any CPU.ActiveCfg = Release|Any CPU
		{70A146AA-41E3-4FD3-BF42-52F8AA7B39CF}.Release|Any CPU.Build.0 = Release|Any CPU
		{A40E973E-AB33-4A99-9697-949AF1DB6B44}.Debug|Any CPU.ActiveCfg = Debug|Any CPU
		{A40E973E-AB33-4A99-9697-949AF1DB6B44}.Debug|Any CPU.Build.0 = Debug|Any CPU
		{A40E973E-AB33-4A99-9697-949AF1DB6B44}.Release|Any CPU.ActiveCfg = Release|Any CPU
		{A40E973E-AB33-4A99-9697-949AF1DB6B44}.Release|Any CPU.Build.0 = Release|Any CPU
		{00FB0A2B-A921-464B-8F70-C56DE310293A}.Debug|Any CPU.ActiveCfg = Debug|Any CPU
		{00FB0A2B-A921-464B-8F70-C56DE310293A}.Debug|Any CPU.Build.0 = Debug|Any CPU
		{00FB0A2B-A921-464B-8F70-C56DE310293A}.Release|Any CPU.ActiveCfg = Release|Any CPU
		{00FB0A2B-A921-464B-8F70-C56DE310293A}.Release|Any CPU.Build.0 = Release|Any CPU
		{77B2CB2B-EFEF-4DC8-B0DA-9976CF95F7D8}.Debug|Any CPU.ActiveCfg = Debug|Any CPU
		{77B2CB2B-EFEF-4DC8-B0DA-9976CF95F7D8}.Debug|Any CPU.Build.0 = Debug|Any CPU
		{77B2CB2B-EFEF-4DC8-B0DA-9976CF95F7D8}.Release|Any CPU.ActiveCfg = Release|Any CPU
		{77B2CB2B-EFEF-4DC8-B0DA-9976CF95F7D8}.Release|Any CPU.Build.0 = Release|Any CPU
		{52DD680B-DC79-48A8-BFA2-C80D66DA297C}.Debug|Any CPU.ActiveCfg = Debug|Any CPU
		{52DD680B-DC79-48A8-BFA2-C80D66DA297C}.Debug|Any CPU.Build.0 = Debug|Any CPU
		{52DD680B-DC79-48A8-BFA2-C80D66DA297C}.Release|Any CPU.ActiveCfg = Release|Any CPU
		{52DD680B-DC79-48A8-BFA2-C80D66DA297C}.Release|Any CPU.Build.0 = Release|Any CPU
		{85A74827-AF54-4864-9B71-17399F53D1B2}.Debug|Any CPU.ActiveCfg = Debug|Any CPU
		{85A74827-AF54-4864-9B71-17399F53D1B2}.Debug|Any CPU.Build.0 = Debug|Any CPU
		{85A74827-AF54-4864-9B71-17399F53D1B2}.Release|Any CPU.ActiveCfg = Release|Any CPU
		{85A74827-AF54-4864-9B71-17399F53D1B2}.Release|Any CPU.Build.0 = Release|Any CPU
		{15CE91AD-DBEF-48B2-9AAA-BFFE0FD4654D}.Debug|Any CPU.ActiveCfg = Debug|Any CPU
		{15CE91AD-DBEF-48B2-9AAA-BFFE0FD4654D}.Debug|Any CPU.Build.0 = Debug|Any CPU
		{15CE91AD-DBEF-48B2-9AAA-BFFE0FD4654D}.Release|Any CPU.ActiveCfg = Release|Any CPU
		{15CE91AD-DBEF-48B2-9AAA-BFFE0FD4654D}.Release|Any CPU.Build.0 = Release|Any CPU
		{563978B0-5558-49E3-94D4-BE4490AFB64B}.Debug|Any CPU.ActiveCfg = Debug|Any CPU
		{563978B0-5558-49E3-94D4-BE4490AFB64B}.Debug|Any CPU.Build.0 = Debug|Any CPU
		{563978B0-5558-49E3-94D4-BE4490AFB64B}.Release|Any CPU.ActiveCfg = Release|Any CPU
		{563978B0-5558-49E3-94D4-BE4490AFB64B}.Release|Any CPU.Build.0 = Release|Any CPU
		{C1C04E77-2321-4897-94ED-95EEF94A45CA}.Debug|Any CPU.ActiveCfg = Debug|Any CPU
		{C1C04E77-2321-4897-94ED-95EEF94A45CA}.Debug|Any CPU.Build.0 = Debug|Any CPU
		{C1C04E77-2321-4897-94ED-95EEF94A45CA}.Release|Any CPU.ActiveCfg = Release|Any CPU
		{C1C04E77-2321-4897-94ED-95EEF94A45CA}.Release|Any CPU.Build.0 = Release|Any CPU
	EndGlobalSection
	GlobalSection(SolutionProperties) = preSolution
		HideSolutionNode = FALSE
	EndGlobalSection
	GlobalSection(ExtensibilityGlobals) = postSolution
		SolutionGuid = {E9ED52EC-CAFC-4033-B475-BE2BF4F3666F}
	EndGlobalSection
EndGlobal
